
Microsoft Visual Studio Solution File, Format Version 12.00
# Visual Studio Version 17
VisualStudioVersion = 17.9.34622.214
MinimumVisualStudioVersion = 10.0.40219.1
Project("{9A19103F-16F7-4668-BE54-9A1E7A4F7556}") = "ClassLibrary", "ClassLibrary\ClassLibrary.csproj", "{8D5D0EA4-40CE-48D9-93EB-01D3A436689A}"
EndProject
Project("{FAE04EC0-301F-11D3-BF4B-00C04F79EFBC}") = "ödev2.0", "ödev2.0\ödev2.0.csproj", "{0CE8888C-C3B2-40A0-8DE9-13326B37369D}"
EndProject
Global
	GlobalSection(SolutionConfigurationPlatforms) = preSolution
		Debug|Any CPU = Debug|Any CPU
		Release|Any CPU = Release|Any CPU
	EndGlobalSection
	GlobalSection(ProjectConfigurationPlatforms) = postSolution
		{8D5D0EA4-40CE-48D9-93EB-01D3A436689A}.Debug|Any CPU.ActiveCfg = Debug|Any CPU
		{8D5D0EA4-40CE-48D9-93EB-01D3A436689A}.Debug|Any CPU.Build.0 = Debug|Any CPU
		{8D5D0EA4-40CE-48D9-93EB-01D3A436689A}.Release|Any CPU.ActiveCfg = Release|Any CPU
		{8D5D0EA4-40CE-48D9-93EB-01D3A436689A}.Release|Any CPU.Build.0 = Release|Any CPU
		{0CE8888C-C3B2-40A0-8DE9-13326B37369D}.Debug|Any CPU.ActiveCfg = Debug|Any CPU
		{0CE8888C-C3B2-40A0-8DE9-13326B37369D}.Debug|Any CPU.Build.0 = Debug|Any CPU
		{0CE8888C-C3B2-40A0-8DE9-13326B37369D}.Release|Any CPU.ActiveCfg = Release|Any CPU
		{0CE8888C-C3B2-40A0-8DE9-13326B37369D}.Release|Any CPU.Build.0 = Release|Any CPU
	EndGlobalSection
	GlobalSection(SolutionProperties) = preSolution
		HideSolutionNode = FALSE
	EndGlobalSection
	GlobalSection(ExtensibilityGlobals) = postSolution
		SolutionGuid = {2AD2F429-104F-4889-9AE3-1ABE209C9FEE}
	EndGlobalSection
EndGlobal
